
Microsoft Visual Studio Solution File, Format Version 12.00
# Visual Studio Version 16
VisualStudioVersion = 16.0.30204.135
MinimumVisualStudioVersion = 10.0.40219.1
Project("{FAE04EC0-301F-11D3-BF4B-00C04F79EFBC}") = "Primer1", "Primer1\Primer1.csproj", "{417F2CCF-38EE-498A-97B4-00B714510649}"
EndProject
Global
	GlobalSection(SolutionConfigurationPlatforms) = preSolution
		Debug|Any CPU = Debug|Any CPU
		Release|Any CPU = Release|Any CPU
	EndGlobalSection
	GlobalSection(ProjectConfigurationPlatforms) = postSolution
		{417F2CCF-38EE-498A-97B4-00B714510649}.Debug|Any CPU.ActiveCfg = Debug|Any CPU
		{417F2CCF-38EE-498A-97B4-00B714510649}.Debug|Any CPU.Build.0 = Debug|Any CPU
		{417F2CCF-38EE-498A-97B4-00B714510649}.Release|Any CPU.ActiveCfg = Release|Any CPU
		{417F2CCF-38EE-498A-97B4-00B714510649}.Release|Any CPU.Build.0 = Release|Any CPU
	EndGlobalSection
	GlobalSection(SolutionProperties) = preSolution
		HideSolutionNode = FALSE
	EndGlobalSection
	GlobalSection(ExtensibilityGlobals) = postSolution
		SolutionGuid = {296FCE7D-EF21-44F0-918E-9FF59CC9981C}
	EndGlobalSection
EndGlobal
